
Microsoft Visual Studio Solution File, Format Version 12.00
# Visual Studio Version 16
VisualStudioVersion = 16.0.29409.12
MinimumVisualStudioVersion = 10.0.40219.1
Project("{FAE04EC0-301F-11D3-BF4B-00C04F79EFBC}") = "AccountingMS", "AccountingMS\AccountingMS.csproj", "{C6CB1F9D-66F2-4421-910C-D314FAFE85AD}"
EndProject
Project("{FAE04EC0-301F-11D3-BF4B-00C04F79EFBC}") = "PosFinalCost", "PosFinalCost\PosFinalCost.csproj", "{F389DFAE-0019-4647-8A6A-8360DC3132A7}"
EndProject
Project("{FAE04EC0-301F-11D3-BF4B-00C04F79EFBC}") = "Hassib.Common", "Hassib.Common\Hassib.Common.csproj", "{1C3CD9F6-D32D-473C-9FAF-3D4778972438}"
EndProject
Global
	GlobalSection(SolutionConfigurationPlatforms) = preSolution
		Debug|Any CPU = Debug|Any CPU
		Release|Any CPU = Release|Any CPU
	EndGlobalSection
	GlobalSection(ProjectConfigurationPlatforms) = postSolution
		{C6CB1F9D-66F2-4421-910C-D314FAFE85AD}.Debug|Any CPU.ActiveCfg = Debug|Any CPU
		{C6CB1F9D-66F2-4421-910C-D314FAFE85AD}.Debug|Any CPU.Build.0 = Debug|Any CPU
		{C6CB1F9D-66F2-4421-910C-D314FAFE85AD}.Release|Any CPU.ActiveCfg = Release|Any CPU
		{C6CB1F9D-66F2-4421-910C-D314FAFE85AD}.Release|Any CPU.Build.0 = Release|Any CPU
		{F389DFAE-0019-4647-8A6A-8360DC3132A7}.Debug|Any CPU.ActiveCfg = Debug|Any CPU
		{F389DFAE-0019-4647-8A6A-8360DC3132A7}.Debug|Any CPU.Build.0 = Debug|Any CPU
		{F389DFAE-0019-4647-8A6A-8360DC3132A7}.Release|Any CPU.ActiveCfg = Release|Any CPU
		{F389DFAE-0019-4647-8A6A-8360DC3132A7}.Release|Any CPU.Build.0 = Release|Any CPU
		{1C3CD9F6-D32D-473C-9FAF-3D4778972438}.Debug|Any CPU.ActiveCfg = Debug|Any CPU
		{1C3CD9F6-D32D-473C-9FAF-3D4778972438}.Debug|Any CPU.Build.0 = Debug|Any CPU
		{1C3CD9F6-D32D-473C-9FAF-3D4778972438}.Release|Any CPU.ActiveCfg = Release|Any CPU
		{1C3CD9F6-D32D-473C-9FAF-3D4778972438}.Release|Any CPU.Build.0 = Release|Any CPU
	EndGlobalSection
	GlobalSection(SolutionProperties) = preSolution
		HideSolutionNode = FALSE
	EndGlobalSection
	GlobalSection(ExtensibilityGlobals) = postSolution
		SolutionGuid = {B38221D5-1E95-485C-BDA8-BE24581B44B2}
	EndGlobalSection
EndGlobal
